// !$*UTF8*$!
{
	archiveVersion = 1;
	classes = {
	};
	objectVersion = 77;
	objects = {

/* Begin PBXBuildFile section */
		F701CB3D2D82CCC4000F54FB /* UnityFramework.framework in Embed Frameworks */ = {isa = PBXBuildFile; fileRef = F701CB3B2D82CCC4000F54FB /* UnityFramework.framework */; settings = {ATTRIBUTES = (CodeSignOnCopy, RemoveHeadersOnCopy, ); }; };
/* End PBXBuildFile section */

/* Begin PBXContainerItemProxy section */
		F784D0DB2D55FC9F002E4A85 /* PBXContainerItemProxy */ = {
			isa = PBXContainerItemProxy;
			containerPortal = F784D0C22D55FC9E002E4A85 /* Project object */;
			proxyType = 1;
			remoteGlobalIDString = F784D0C92D55FC9E002E4A85;
			remoteInfo = RunTaeho;
		};
		F784D0E52D55FC9F002E4A85 /* PBXContainerItemProxy */ = {
			isa = PBXContainerItemProxy;
			containerPortal = F784D0C22D55FC9E002E4A85 /* Project object */;
			proxyType = 1;
			remoteGlobalIDString = F784D0C92D55FC9E002E4A85;
			remoteInfo = RunTaeho;
		};
/* End PBXContainerItemProxy section */

/* Begin PBXCopyFilesBuildPhase section */
		F701CB0C2D82C462000F54FB /* Embed Frameworks */ = {
			isa = PBXCopyFilesBuildPhase;
			buildActionMask = 2147483647;
			dstPath = "";
			dstSubfolderSpec = 10;
			files = (
				F701CB3D2D82CCC4000F54FB /* UnityFramework.framework in Embed Frameworks */,
			);
			name = "Embed Frameworks";
			runOnlyForDeploymentPostprocessing = 0;
		};
/* End PBXCopyFilesBuildPhase section */

/* Begin PBXFileReference section */
		F701CB3B2D82CCC4000F54FB /* UnityFramework.framework */ = {isa = PBXFileReference; explicitFileType = wrapper.framework; path = UnityFramework.framework; sourceTree = BUILT_PRODUCTS_DIR; };
		F784D0CA2D55FC9E002E4A85 /* RunTaeho.app */ = {isa = PBXFileReference; explicitFileType = wrapper.application; includeInIndex = 0; path = RunTaeho.app; sourceTree = BUILT_PRODUCTS_DIR; };
		F784D0DA2D55FC9F002E4A85 /* RunTaehoTests.xctest */ = {isa = PBXFileReference; explicitFileType = wrapper.cfbundle; includeInIndex = 0; path = RunTaehoTests.xctest; sourceTree = BUILT_PRODUCTS_DIR; };
		F784D0E42D55FC9F002E4A85 /* RunTaehoUITests.xctest */ = {isa = PBXFileReference; explicitFileType = wrapper.cfbundle; includeInIndex = 0; path = RunTaehoUITests.xctest; sourceTree = BUILT_PRODUCTS_DIR; };
/* End PBXFileReference section */

/* Begin PBXFileSystemSynchronizedBuildFileExceptionSet section */
		F7861AD22DA61D030086BA2E /* Exceptions for "RunTaeho" folder in "RunTaeho" target */ = {
			isa = PBXFileSystemSynchronizedBuildFileExceptionSet;
			membershipExceptions = (
				Info.plist,
			);
			target = F784D0C92D55FC9E002E4A85 /* RunTaeho */;
		};
/* End PBXFileSystemSynchronizedBuildFileExceptionSet section */

/* Begin PBXFileSystemSynchronizedRootGroup section */
		F784D0CC2D55FC9E002E4A85 /* RunTaeho */ = {
			isa = PBXFileSystemSynchronizedRootGroup;
			exceptions = (
				F7861AD22DA61D030086BA2E /* Exceptions for "RunTaeho" folder in "RunTaeho" target */,
			);
			path = RunTaeho;
			sourceTree = "<group>";
		};
		F784D0DD2D55FC9F002E4A85 /* RunTaehoTests */ = {
			isa = PBXFileSystemSynchronizedRootGroup;
			path = RunTaehoTests;
			sourceTree = "<group>";
		};
		F784D0E72D55FC9F002E4A85 /* RunTaehoUITests */ = {
			isa = PBXFileSystemSynchronizedRootGroup;
			path = RunTaehoUITests;
			sourceTree = "<group>";
		};
/* End PBXFileSystemSynchronizedRootGroup section */

/* Begin PBXFrameworksBuildPhase section */
		F784D0C72D55FC9E002E4A85 /* Frameworks */ = {
			isa = PBXFrameworksBuildPhase;
			buildActionMask = 2147483647;
			files = (
			);
			runOnlyForDeploymentPostprocessing = 0;
		};
		F784D0D72D55FC9F002E4A85 /* Frameworks */ = {
			isa = PBXFrameworksBuildPhase;
			buildActionMask = 2147483647;
			files = (
			);
			runOnlyForDeploymentPostprocessing = 0;
		};
		F784D0E12D55FC9F002E4A85 /* Frameworks */ = {
			isa = PBXFrameworksBuildPhase;
			buildActionMask = 2147483647;
			files = (
			);
			runOnlyForDeploymentPostprocessing = 0;
		};
/* End PBXFrameworksBuildPhase section */

/* Begin PBXGroup section */
		F701CB3A2D82CCC4000F54FB /* Frameworks */ = {
			isa = PBXGroup;
			children = (
				F701CB3B2D82CCC4000F54FB /* UnityFramework.framework */,
			);
			name = Frameworks;
			sourceTree = "<group>";
		};
		F784D0C12D55FC9E002E4A85 = {
			isa = PBXGroup;
			children = (
				F784D0CC2D55FC9E002E4A85 /* RunTaeho */,
				F784D0DD2D55FC9F002E4A85 /* RunTaehoTests */,
				F784D0E72D55FC9F002E4A85 /* RunTaehoUITests */,
				F701CB3A2D82CCC4000F54FB /* Frameworks */,
				F784D0CB2D55FC9E002E4A85 /* Products */,
			);
			sourceTree = "<group>";
		};
		F784D0CB2D55FC9E002E4A85 /* Products */ = {
			isa = PBXGroup;
			children = (
				F784D0CA2D55FC9E002E4A85 /* RunTaeho.app */,
				F784D0DA2D55FC9F002E4A85 /* RunTaehoTests.xctest */,
				F784D0E42D55FC9F002E4A85 /* RunTaehoUITests.xctest */,
			);
			name = Products;
			sourceTree = "<group>";
		};
/* End PBXGroup section */

/* Begin PBXNativeTarget section */
		F784D0C92D55FC9E002E4A85 /* RunTaeho */ = {
			isa = PBXNativeTarget;
			buildConfigurationList = F784D0EE2D55FC9F002E4A85 /* Build configuration list for PBXNativeTarget "RunTaeho" */;
			buildPhases = (
				F784D0C62D55FC9E002E4A85 /* Sources */,
				F784D0C72D55FC9E002E4A85 /* Frameworks */,
				F784D0C82D55FC9E002E4A85 /* Resources */,
				F701CB0C2D82C462000F54FB /* Embed Frameworks */,
			);
			buildRules = (
			);
			dependencies = (
			);
			fileSystemSynchronizedGroups = (
				F784D0CC2D55FC9E002E4A85 /* RunTaeho */,
			);
			name = RunTaeho;
			packageProductDependencies = (
			);
			productName = RunTaeho;
			productReference = F784D0CA2D55FC9E002E4A85 /* RunTaeho.app */;
			productType = "com.apple.product-type.application";
		};
		F784D0D92D55FC9F002E4A85 /* RunTaehoTests */ = {
			isa = PBXNativeTarget;
			buildConfigurationList = F784D0F12D55FC9F002E4A85 /* Build configuration list for PBXNativeTarget "RunTaehoTests" */;
			buildPhases = (
				F784D0D62D55FC9F002E4A85 /* Sources */,
				F784D0D72D55FC9F002E4A85 /* Frameworks */,
				F784D0D82D55FC9F002E4A85 /* Resources */,
			);
			buildRules = (
			);
			dependencies = (
				F784D0DC2D55FC9F002E4A85 /* PBXTargetDependency */,
			);
			fileSystemSynchronizedGroups = (
				F784D0DD2D55FC9F002E4A85 /* RunTaehoTests */,
			);
			name = RunTaehoTests;
			packageProductDependencies = (
			);
			productName = RunTaehoTests;
			productReference = F784D0DA2D55FC9F002E4A85 /* RunTaehoTests.xctest */;
			productType = "com.apple.product-type.bundle.unit-test";
		};
		F784D0E32D55FC9F002E4A85 /* RunTaehoUITests */ = {
			isa = PBXNativeTarget;
			buildConfigurationList = F784D0F42D55FC9F002E4A85 /* Build configuration list for PBXNativeTarget "RunTaehoUITests" */;
			buildPhases = (
				F784D0E02D55FC9F002E4A85 /* Sources */,
				F784D0E12D55FC9F002E4A85 /* Frameworks */,
				F784D0E22D55FC9F002E4A85 /* Resources */,
			);
			buildRules = (
			);
			dependencies = (
				F784D0E62D55FC9F002E4A85 /* PBXTargetDependency */,
			);
			fileSystemSynchronizedGroups = (
				F784D0E72D55FC9F002E4A85 /* RunTaehoUITests */,
			);
			name = RunTaehoUITests;
			packageProductDependencies = (
			);
			productName = RunTaehoUITests;
			productReference = F784D0E42D55FC9F002E4A85 /* RunTaehoUITests.xctest */;
			productType = "com.apple.product-type.bundle.ui-testing";
		};
/* End PBXNativeTarget section */

/* Begin PBXProject section */
		F784D0C22D55FC9E002E4A85 /* Project object */ = {
			isa = PBXProject;
			attributes = {
				BuildIndependentTargetsInParallel = 1;
				LastSwiftUpdateCheck = 1620;
				LastUpgradeCheck = 1620;
				TargetAttributes = {
					F784D0C92D55FC9E002E4A85 = {
						CreatedOnToolsVersion = 16.2;
					};
					F784D0D92D55FC9F002E4A85 = {
						CreatedOnToolsVersion = 16.2;
						TestTargetID = F784D0C92D55FC9E002E4A85;
					};
					F784D0E32D55FC9F002E4A85 = {
						CreatedOnToolsVersion = 16.2;
						TestTargetID = F784D0C92D55FC9E002E4A85;
					};
				};
			};
			buildConfigurationList = F784D0C52D55FC9E002E4A85 /* Build configuration list for PBXProject "RunTaeho" */;
			developmentRegion = en;
			hasScannedForEncodings = 0;
			knownRegions = (
				en,
				Base,
			);
			mainGroup = F784D0C12D55FC9E002E4A85;
			minimizedProjectReferenceProxies = 1;
			preferredProjectObjectVersion = 77;
			productRefGroup = F784D0CB2D55FC9E002E4A85 /* Products */;
			projectDirPath = "";
			projectRoot = "";
			targets = (
				F784D0C92D55FC9E002E4A85 /* RunTaeho */,
				F784D0D92D55FC9F002E4A85 /* RunTaehoTests */,
				F784D0E32D55FC9F002E4A85 /* RunTaehoUITests */,
			);
		};
/* End PBXProject section */

/* Begin PBXResourcesBuildPhase section */
		F784D0C82D55FC9E002E4A85 /* Resources */ = {
			isa = PBXResourcesBuildPhase;
			buildActionMask = 2147483647;
			files = (
			);
			runOnlyForDeploymentPostprocessing = 0;
		};
		F784D0D82D55FC9F002E4A85 /* Resources */ = {
			isa = PBXResourcesBuildPhase;
			buildActionMask = 2147483647;
			files = (
			);
			runOnlyForDeploymentPostprocessing = 0;
		};
		F784D0E22D55FC9F002E4A85 /* Resources */ = {
			isa = PBXResourcesBuildPhase;
			buildActionMask = 2147483647;
			files = (
			);
			runOnlyForDeploymentPostprocessing = 0;
		};
/* End PBXResourcesBuildPhase section */

/* Begin PBXSourcesBuildPhase section */
		F784D0C62D55FC9E002E4A85 /* Sources */ = {
			isa = PBXSourcesBuildPhase;
			buildActionMask = 2147483647;
			files = (
			);
			runOnlyForDeploymentPostprocessing = 0;
		};
		F784D0D62D55FC9F002E4A85 /* Sources */ = {
			isa = PBXSourcesBuildPhase;
			buildActionMask = 2147483647;
			files = (
			);
			runOnlyForDeploymentPostprocessing = 0;
		};
		F784D0E02D55FC9F002E4A85 /* Sources */ = {
			isa = PBXSourcesBuildPhase;
			buildActionMask = 2147483647;
			files = (
			);
			runOnlyForDeploymentPostprocessing = 0;
		};
/* End PBXSourcesBuildPhase section */

/* Begin PBXTargetDependency section */
		F784D0DC2D55FC9F002E4A85 /* PBXTargetDependency */ = {
			isa = PBXTargetDependency;
			target = F784D0C92D55FC9E002E4A85 /* RunTaeho */;
			targetProxy = F784D0DB2D55FC9F002E4A85 /* PBXContainerItemProxy */;
		};
		F784D0E62D55FC9F002E4A85 /* PBXTargetDependency */ = {
			isa = PBXTargetDependency;
			target = F784D0C92D55FC9E002E4A85 /* RunTaeho */;
			targetProxy = F784D0E52D55FC9F002E4A85 /* PBXContainerItemProxy */;
		};
/* End PBXTargetDependency section */

/* Begin XCBuildConfiguration section */
		F784D0EC2D55FC9F002E4A85 /* Debug */ = {
			isa = XCBuildConfiguration;
			buildSettings = {
				ALWAYS_SEARCH_USER_PATHS = NO;
				ASSETCATALOG_COMPILER_GENERATE_SWIFT_ASSET_SYMBOL_EXTENSIONS = YES;
				CLANG_ANALYZER_NONNULL = YES;
				CLANG_ANALYZER_NUMBER_OBJECT_CONVERSION = YES_AGGRESSIVE;
				CLANG_CXX_LANGUAGE_STANDARD = "gnu++20";
				CLANG_ENABLE_MODULES = YES;
				CLANG_ENABLE_OBJC_ARC = YES;
				CLANG_ENABLE_OBJC_WEAK = YES;
				CLANG_WARN_BLOCK_CAPTURE_AUTORELEASING = YES;
				CLANG_WARN_BOOL_CONVERSION = YES;
				CLANG_WARN_COMMA = YES;
				CLANG_WARN_CONSTANT_CONVERSION = YES;
				CLANG_WARN_DEPRECATED_OBJC_IMPLEMENTATIONS = YES;
				CLANG_WARN_DIRECT_OBJC_ISA_USAGE = YES_ERROR;
				CLANG_WARN_DOCUMENTATION_COMMENTS = YES;
				CLANG_WARN_EMPTY_BODY = YES;
				CLANG_WARN_ENUM_CONVERSION = YES;
				CLANG_WARN_INFINITE_RECURSION = YES;
				CLANG_WARN_INT_CONVERSION = YES;
				CLANG_WARN_NON_LITERAL_NULL_CONVERSION = YES;
				CLANG_WARN_OBJC_IMPLICIT_RETAIN_SELF = YES;
				CLANG_WARN_OBJC_LITERAL_CONVERSION = YES;
				CLANG_WARN_OBJC_ROOT_CLASS = YES_ERROR;
				CLANG_WARN_QUOTED_INCLUDE_IN_FRAMEWORK_HEADER = YES;
				CLANG_WARN_RANGE_LOOP_ANALYSIS = YES;
				CLANG_WARN_STRICT_PROTOTYPES = YES;
				CLANG_WARN_SUSPICIOUS_MOVE = YES;
				CLANG_WARN_UNGUARDED_AVAILABILITY = YES_AGGRESSIVE;
				CLANG_WARN_UNREACHABLE_CODE = YES;
				CLANG_WARN__DUPLICATE_METHOD_MATCH = YES;
				COPY_PHASE_STRIP = NO;
				DEBUG_INFORMATION_FORMAT = dwarf;
				ENABLE_STRICT_OBJC_MSGSEND = YES;
				ENABLE_TESTABILITY = YES;
				ENABLE_USER_SCRIPT_SANDBOXING = YES;
				GCC_C_LANGUAGE_STANDARD = gnu17;
				GCC_DYNAMIC_NO_PIC = NO;
				GCC_NO_COMMON_BLOCKS = YES;
				GCC_OPTIMIZATION_LEVEL = 0;
				GCC_PREPROCESSOR_DEFINITIONS = (
					"DEBUG=1",
					"$(inherited)",
				);
				GCC_WARN_64_TO_32_BIT_CONVERSION = YES;
				GCC_WARN_ABOUT_RETURN_TYPE = YES_ERROR;
				GCC_WARN_UNDECLARED_SELECTOR = YES;
				GCC_WARN_UNINITIALIZED_AUTOS = YES_AGGRESSIVE;
				GCC_WARN_UNUSED_FUNCTION = YES;
				GCC_WARN_UNUSED_VARIABLE = YES;
				IPHONEOS_DEPLOYMENT_TARGET = 18.2;
				LOCALIZATION_PREFERS_STRING_CATALOGS = YES;
				MTL_ENABLE_DEBUG_INFO = INCLUDE_SOURCE;
				MTL_FAST_MATH = YES;
				ONLY_ACTIVE_ARCH = YES;
				SDKROOT = iphoneos;
				SWIFT_ACTIVE_COMPILATION_CONDITIONS = "DEBUG $(inherited)";
				SWIFT_OPTIMIZATION_LEVEL = "-Onone";
			};
			name = Debug;
		};
		F784D0ED2D55FC9F002E4A85 /* Release */ = {
			isa = XCBuildConfiguration;
			buildSettings = {
				ALWAYS_SEARCH_USER_PATHS = NO;
				ASSETCATALOG_COMPILER_GENERATE_SWIFT_ASSET_SYMBOL_EXTENSIONS = YES;
				CLANG_ANALYZER_NONNULL = YES;
				CLANG_ANALYZER_NUMBER_OBJECT_CONVERSION = YES_AGGRESSIVE;
				CLANG_CXX_LANGUAGE_STANDARD = "gnu++20";
				CLANG_ENABLE_MODULES = YES;
				CLANG_ENABLE_OBJC_ARC = YES;
				CLANG_ENABLE_OBJC_WEAK = YES;
				CLANG_WARN_BLOCK_CAPTURE_AUTORELEASING = YES;
				CLANG_WARN_BOOL_CONVERSION = YES;
				CLANG_WARN_COMMA = YES;
				CLANG_WARN_CONSTANT_CONVERSION = YES;
				CLANG_WARN_DEPRECATED_OBJC_IMPLEMENTATIONS = YES;
				CLANG_WARN_DIRECT_OBJC_ISA_USAGE = YES_ERROR;
				CLANG_WARN_DOCUMENTATION_COMMENTS = YES;
				CLANG_WARN_EMPTY_BODY = YES;
				CLANG_WARN_ENUM_CONVERSION = YES;
				CLANG_WARN_INFINITE_RECURSION = YES;
				CLANG_WARN_INT_CONVERSION = YES;
				CLANG_WARN_NON_LITERAL_NULL_CONVERSION = YES;
				CLANG_WARN_OBJC_IMPLICIT_RETAIN_SELF = YES;
				CLANG_WARN_OBJC_LITERAL_CONVERSION = YES;
				CLANG_WARN_OBJC_ROOT_CLASS = YES_ERROR;
				CLANG_WARN_QUOTED_INCLUDE_IN_FRAMEWORK_HEADER = YES;
				CLANG_WARN_RANGE_LOOP_ANALYSIS = YES;
				CLANG_WARN_STRICT_PROTOTYPES = YES;
				CLANG_WARN_SUSPICIOUS_MOVE = YES;
				CLANG_WARN_UNGUARDED_AVAILABILITY = YES_AGGRESSIVE;
				CLANG_WARN_UNREACHABLE_CODE = YES;
				CLANG_WARN__DUPLICATE_METHOD_MATCH = YES;
				COPY_PHASE_STRIP = NO;
				DEBUG_INFORMATION_FORMAT = "dwarf-with-dsym";
				ENABLE_NS_ASSERTIONS = NO;
				ENABLE_STRICT_OBJC_MSGSEND = YES;
				ENABLE_USER_SCRIPT_SANDBOXING = YES;
				GCC_C_LANGUAGE_STANDARD = gnu17;
				GCC_NO_COMMON_BLOCKS = YES;
				GCC_WARN_64_TO_32_BIT_CONVERSION = YES;
				GCC_WARN_ABOUT_RETURN_TYPE = YES_ERROR;
				GCC_WARN_UNDECLARED_SELECTOR = YES;
				GCC_WARN_UNINITIALIZED_AUTOS = YES_AGGRESSIVE;
				GCC_WARN_UNUSED_FUNCTION = YES;
				GCC_WARN_UNUSED_VARIABLE = YES;
				IPHONEOS_DEPLOYMENT_TARGET = 18.2;
				LOCALIZATION_PREFERS_STRING_CATALOGS = YES;
				MTL_ENABLE_DEBUG_INFO = NO;
				MTL_FAST_MATH = YES;
				SDKROOT = iphoneos;
				SWIFT_COMPILATION_MODE = wholemodule;
				VALIDATE_PRODUCT = YES;
			};
			name = Release;
		};
		F784D0EF2D55FC9F002E4A85 /* Debug */ = {
			isa = XCBuildConfiguration;
			buildSettings = {
				ASSETCATALOG_COMPILER_APPICON_NAME = AppIcon;
				ASSETCATALOG_COMPILER_GLOBAL_ACCENT_COLOR_NAME = AccentColor;
				CODE_SIGN_STYLE = Automatic;
				CURRENT_PROJECT_VERSION = 1;
				DEVELOPMENT_ASSET_PATHS = "\"RunTaeho/Preview Content\"";
				DEVELOPMENT_TEAM = Y9XN2ZQ9G3;
				ENABLE_PREVIEWS = YES;
				GENERATE_INFOPLIST_FILE = YES;
				INFOPLIST_FILE = RunTaeho/Info.plist;
				INFOPLIST_KEY_UIApplicationSceneManifest_Generation = YES;
				INFOPLIST_KEY_UIApplicationSupportsIndirectInputEvents = YES;
				INFOPLIST_KEY_UILaunchScreen_Generation = YES;
				INFOPLIST_KEY_UISupportedInterfaceOrientations = UIInterfaceOrientationPortrait;
				IPHONEOS_DEPLOYMENT_TARGET = 17.0;
				LD_RUNPATH_SEARCH_PATHS = (
					"$(inherited)",
					"@executable_path/Frameworks",
				);
				MARKETING_VERSION = 1.0;
				PRODUCT_BUNDLE_IDENTIFIER = com.runth.RunTaeho;
				PRODUCT_NAME = "$(TARGET_NAME)";
				SWIFT_EMIT_LOC_STRINGS = YES;
				SWIFT_VERSION = 5.0;
				TARGETED_DEVICE_FAMILY = "1,2";
			};
			name = Debug;
		};
		F784D0F02D55FC9F002E4A85 /* Release */ = {
			isa = XCBuildConfiguration;
			buildSettings = {
				ASSETCATALOG_COMPILER_APPICON_NAME = AppIcon;
				ASSETCATALOG_COMPILER_GLOBAL_ACCENT_COLOR_NAME = AccentColor;
				CODE_SIGN_STYLE = Automatic;
				CURRENT_PROJECT_VERSION = 1;
				DEVELOPMENT_ASSET_PATHS = "\"RunTaeho/Preview Content\"";
				DEVELOPMENT_TEAM = Y9XN2ZQ9G3;
				ENABLE_PREVIEWS = YES;
				GENERATE_INFOPLIST_FILE = YES;
				INFOPLIST_FILE = RunTaeho/Info.plist;
				INFOPLIST_KEY_UIApplicationSceneManifest_Generation = YES;
				INFOPLIST_KEY_UIApplicationSupportsIndirectInputEvents = YES;
				INFOPLIST_KEY_UILaunchScreen_Generation = YES;
				INFOPLIST_KEY_UISupportedInterfaceOrientations = UIInterfaceOrientationPortrait;
				IPHONEOS_DEPLOYMENT_TARGET = 17.0;
				LD_RUNPATH_SEARCH_PATHS = (
					"$(inherited)",
					"@executable_path/Frameworks",
				);
				MARKETING_VERSION = 1.0;
				PRODUCT_BUNDLE_IDENTIFIER = com.runth.RunTaeho;
				PRODUCT_NAME = "$(TARGET_NAME)";
				SWIFT_EMIT_LOC_STRINGS = YES;
				SWIFT_VERSION = 5.0;
				TARGETED_DEVICE_FAMILY = "1,2";
			};
			name = Release;
		};
		F784D0F22D55FC9F002E4A85 /* Debug */ = {
			isa = XCBuildConfiguration;
			buildSettings = {
				BUNDLE_LOADER = "$(TEST_HOST)";
				CODE_SIGN_STYLE = Automatic;
				CURRENT_PROJECT_VERSION = 1;
				DEVELOPMENT_TEAM = 3F893P33SC;
				GENERATE_INFOPLIST_FILE = YES;
				IPHONEOS_DEPLOYMENT_TARGET = 18.2;
				MARKETING_VERSION = 1.0;
				PRODUCT_BUNDLE_IDENTIFIER = com.runth.RunTaehoTests;
				PRODUCT_NAME = "$(TARGET_NAME)";
				SWIFT_EMIT_LOC_STRINGS = NO;
				SWIFT_VERSION = 5.0;
				TARGETED_DEVICE_FAMILY = "1,2";
				TEST_HOST = "$(BUILT_PRODUCTS_DIR)/RunTaeho.app/$(BUNDLE_EXECUTABLE_FOLDER_PATH)/RunTaeho";
			};
			name = Debug;
		};
		F784D0F32D55FC9F002E4A85 /* Release */ = {
			isa = XCBuildConfiguration;
			buildSettings = {
				BUNDLE_LOADER = "$(TEST_HOST)";
				CODE_SIGN_STYLE = Automatic;
				CURRENT_PROJECT_VERSION = 1;
				DEVELOPMENT_TEAM = 3F893P33SC;
				GENERATE_INFOPLIST_FILE = YES;
				IPHONEOS_DEPLOYMENT_TARGET = 18.2;
				MARKETING_VERSION = 1.0;
				PRODUCT_BUNDLE_IDENTIFIER = com.runth.RunTaehoTests;
				PRODUCT_NAME = "$(TARGET_NAME)";
				SWIFT_EMIT_LOC_STRINGS = NO;
				SWIFT_VERSION = 5.0;
				TARGETED_DEVICE_FAMILY = "1,2";
				TEST_HOST = "$(BUILT_PRODUCTS_DIR)/RunTaeho.app/$(BUNDLE_EXECUTABLE_FOLDER_PATH)/RunTaeho";
			};
			name = Release;
		};
		F784D0F52D55FC9F002E4A85 /* Debug */ = {
			isa = XCBuildConfiguration;
			buildSettings = {
				CODE_SIGN_STYLE = Automatic;
				CURRENT_PROJECT_VERSION = 1;
				DEVELOPMENT_TEAM = 3F893P33SC;
				GENERATE_INFOPLIST_FILE = YES;
				MARKETING_VERSION = 1.0;
				PRODUCT_BUNDLE_IDENTIFIER = com.runth.RunTaehoUITests;
				PRODUCT_NAME = "$(TARGET_NAME)";
				SWIFT_EMIT_LOC_STRINGS = NO;
				SWIFT_VERSION = 5.0;
				TARGETED_DEVICE_FAMILY = "1,2";
				TEST_TARGET_NAME = RunTaeho;
			};
			name = Debug;
		};
		F784D0F62D55FC9F002E4A85 /* Release */ = {
			isa = XCBuildConfiguration;
			buildSettings = {
				CODE_SIGN_STYLE = Automatic;
				CURRENT_PROJECT_VERSION = 1;
				DEVELOPMENT_TEAM = 3F893P33SC;
				GENERATE_INFOPLIST_FILE = YES;
				MARKETING_VERSION = 1.0;
				PRODUCT_BUNDLE_IDENTIFIER = com.runth.RunTaehoUITests;
				PRODUCT_NAME = "$(TARGET_NAME)";
				SWIFT_EMIT_LOC_STRINGS = NO;
				SWIFT_VERSION = 5.0;
				TARGETED_DEVICE_FAMILY = "1,2";
				TEST_TARGET_NAME = RunTaeho;
			};
			name = Release;
		};
/* End XCBuildConfiguration section */

/* Begin XCConfigurationList section */
		F784D0C52D55FC9E002E4A85 /* Build configuration list for PBXProject "RunTaeho" */ = {
			isa = XCConfigurationList;
			buildConfigurations = (
				F784D0EC2D55FC9F002E4A85 /* Debug */,
				F784D0ED2D55FC9F002E4A85 /* Release */,
			);
			defaultConfigurationIsVisible = 0;
			defaultConfigurationName = Release;
		};
		F784D0EE2D55FC9F002E4A85 /* Build configuration list for PBXNativeTarget "RunTaeho" */ = {
			isa = XCConfigurationList;
			buildConfigurations = (
				F784D0EF2D55FC9F002E4A85 /* Debug */,
				F784D0F02D55FC9F002E4A85 /* Release */,
			);
			defaultConfigurationIsVisible = 0;
			defaultConfigurationName = Release;
		};
		F784D0F12D55FC9F002E4A85 /* Build configuration list for PBXNativeTarget "RunTaehoTests" */ = {
			isa = XCConfigurationList;
			buildConfigurations = (
				F784D0F22D55FC9F002E4A85 /* Debug */,
				F784D0F32D55FC9F002E4A85 /* Release */,
			);
			defaultConfigurationIsVisible = 0;
			defaultConfigurationName = Release;
		};
		F784D0F42D55FC9F002E4A85 /* Build configuration list for PBXNativeTarget "RunTaehoUITests" */ = {
			isa = XCConfigurationList;
			buildConfigurations = (
				F784D0F52D55FC9F002E4A85 /* Debug */,
				F784D0F62D55FC9F002E4A85 /* Release */,
			);
			defaultConfigurationIsVisible = 0;
			defaultConfigurationName = Release;
		};
/* End XCConfigurationList section */
	};
	rootObject = F784D0C22D55FC9E002E4A85 /* Project object */;
}
